PODS:
  - Alamofire (5.2.1)
  - MBProgressHUD (1.2.0)
  - SDWebImage (5.8.1):
    - SDWebImage/Core (= 5.8.1)
  - SDWebImage/Core (5.8.1)

DEPENDENCIES:
  - Alamofire
  - MBProgressHUD
  - SDWebImage

SPEC REPOS:
  https://github.com/cocoapods/specs.git:
    - Alamofire
    - MBProgressHUD
    - SDWebImage

SPEC CHECKSUMS:
  Alamofire: e911732990610fe89af59ac0077f923d72dc3dfd
  MBProgressHUD: 3ee5efcc380f6a79a7cc9b363dd669c5e1ae7406
  SDWebImage: e3eae2eda88578db0685a0c88597fdadd9433f05

PODFILE CHECKSUM: b8b477a16bf1dd424ada81794ec10804f030f13d

COCOAPODS: 1.5.3
