{
  "object": {
    "pins": [
      {
        "package": "Facebook",
        "repositoryURL": "https://github.com/facebook/facebook-ios-sdk",
        "state": {
          "branch": null,
          "revision": "a94fbd4ce02114a457e1e55360be5be189f67b95",
          "version": "7.1.1"
        }
      }
    ]
  },
  "version": 1
}
